
Microsoft Visual Studio Solution File, Format Version 12.00
# Visual Studio 15
Project("{FAE04EC0-301F-11D3-BF4B-00C04F79EFBC}") = "Xamarin.IOS.SampleApp", "Xamarin.IOS.SampleApp\Xamarin.IOS.SampleApp.csproj", "{1CC5572E-83C7-4C9C-810F-DE25DAA86C72}"
EndProject
Project("{FAE04EC0-301F-11D3-BF4B-00C04F79EFBC}") = "Xamarin.Android.Support.SampleApp", "Xamarin.Android.Support.SampleApp\Xamarin.Android.Support.SampleApp.csproj", "{39DAB842-A5C9-44EF-AB31-2417DEE8040B}"
EndProject
Project("{FAE04EC0-301F-11D3-BF4B-00C04F79EFBC}") = "Xamarin.AndroidX.SampleApp", "Xamarin.AndroidX.SampleApp\Xamarin.AndroidX.SampleApp.csproj", "{3D55B39D-9B78-4DB2-B143-2949C500C2CD}"
EndProject
Global
	GlobalSection(SolutionConfigurationPlatforms) = preSolution
		Debug|iPhoneSimulator = Debug|iPhoneSimulator
		Release|iPhoneSimulator = Release|iPhoneSimulator
		Debug|iPhone = Debug|iPhone
		Release|iPhone = Release|iPhone
	EndGlobalSection
	GlobalSection(ProjectConfigurationPlatforms) = postSolution
		{1CC5572E-83C7-4C9C-810F-DE25DAA86C72}.Debug|iPhoneSimulator.ActiveCfg = Debug|iPhoneSimulator
		{1CC5572E-83C7-4C9C-810F-DE25DAA86C72}.Debug|iPhoneSimulator.Build.0 = Debug|iPhoneSimulator
		{1CC5572E-83C7-4C9C-810F-DE25DAA86C72}.Release|iPhoneSimulator.ActiveCfg = Release|iPhoneSimulator
		{1CC5572E-83C7-4C9C-810F-DE25DAA86C72}.Release|iPhoneSimulator.Build.0 = Release|iPhoneSimulator
		{1CC5572E-83C7-4C9C-810F-DE25DAA86C72}.Debug|iPhone.ActiveCfg = Debug|iPhone
		{1CC5572E-83C7-4C9C-810F-DE25DAA86C72}.Debug|iPhone.Build.0 = Debug|iPhone
		{1CC5572E-83C7-4C9C-810F-DE25DAA86C72}.Release|iPhone.ActiveCfg = Release|iPhone
		{1CC5572E-83C7-4C9C-810F-DE25DAA86C72}.Release|iPhone.Build.0 = Release|iPhone
		{39DAB842-A5C9-44EF-AB31-2417DEE8040B}.Debug|iPhoneSimulator.ActiveCfg = Debug|Any CPU
		{39DAB842-A5C9-44EF-AB31-2417DEE8040B}.Debug|iPhoneSimulator.Build.0 = Debug|Any CPU
		{39DAB842-A5C9-44EF-AB31-2417DEE8040B}.Release|iPhoneSimulator.ActiveCfg = Release|Any CPU
		{39DAB842-A5C9-44EF-AB31-2417DEE8040B}.Release|iPhoneSimulator.Build.0 = Release|Any CPU
		{39DAB842-A5C9-44EF-AB31-2417DEE8040B}.Debug|iPhone.ActiveCfg = Debug|Any CPU
		{39DAB842-A5C9-44EF-AB31-2417DEE8040B}.Debug|iPhone.Build.0 = Debug|Any CPU
		{39DAB842-A5C9-44EF-AB31-2417DEE8040B}.Release|iPhone.ActiveCfg = Release|Any CPU
		{39DAB842-A5C9-44EF-AB31-2417DEE8040B}.Release|iPhone.Build.0 = Release|Any CPU
		{3D55B39D-9B78-4DB2-B143-2949C500C2CD}.Debug|iPhoneSimulator.ActiveCfg = Debug|Any CPU
		{3D55B39D-9B78-4DB2-B143-2949C500C2CD}.Debug|iPhoneSimulator.Build.0 = Debug|Any CPU
		{3D55B39D-9B78-4DB2-B143-2949C500C2CD}.Release|iPhoneSimulator.ActiveCfg = Release|Any CPU
		{3D55B39D-9B78-4DB2-B143-2949C500C2CD}.Release|iPhoneSimulator.Build.0 = Release|Any CPU
		{3D55B39D-9B78-4DB2-B143-2949C500C2CD}.Debug|iPhone.ActiveCfg = Debug|Any CPU
		{3D55B39D-9B78-4DB2-B143-2949C500C2CD}.Debug|iPhone.Build.0 = Debug|Any CPU
		{3D55B39D-9B78-4DB2-B143-2949C500C2CD}.Release|iPhone.ActiveCfg = Release|Any CPU
		{3D55B39D-9B78-4DB2-B143-2949C500C2CD}.Release|iPhone.Build.0 = Release|Any CPU
	EndGlobalSection
EndGlobal
